
Microsoft Visual Studio Solution File, Format Version 12.00
# Visual Studio 15
VisualStudioVersion = 15.0.26124.0
MinimumVisualStudioVersion = 15.0.26124.0
Project("{FAE04EC0-301F-11D3-BF4B-00C04F79EFBC}") = "Presentation", "Presentation\Presentation.csproj", "{C583215C-75FE-4FF4-AD77-A8102590A54B}"
EndProject
Project("{FAE04EC0-301F-11D3-BF4B-00C04F79EFBC}") = "Service", "Service\Service.csproj", "{DFB19692-D0CD-4863-8EEF-5960B74CFCFC}"
EndProject
Project("{FAE04EC0-301F-11D3-BF4B-00C04F79EFBC}") = "Service.Test", "Service.Test\Service.Test.csproj", "{3C28F608-8B99-487F-845A-B7F6008ECCDC}"
EndProject
Project("{FAE04EC0-301F-11D3-BF4B-00C04F79EFBC}") = "Business", "Business\Business.csproj", "{0D87BF0F-3302-4F3F-BE41-AA1DFD86031E}"
EndProject
Global
	GlobalSection(SolutionConfigurationPlatforms) = preSolution
		Debug|Any CPU = Debug|Any CPU
		Debug|x64 = Debug|x64
		Debug|x86 = Debug|x86
		Release|Any CPU = Release|Any CPU
		Release|x64 = Release|x64
		Release|x86 = Release|x86
	EndGlobalSection
	GlobalSection(SolutionProperties) = preSolution
		HideSolutionNode = FALSE
	EndGlobalSection
	GlobalSection(ProjectConfigurationPlatforms) = postSolution
		{C583215C-75FE-4FF4-AD77-A8102590A54B}.Debug|Any CPU.ActiveCfg = Debug|Any CPU
		{C583215C-75FE-4FF4-AD77-A8102590A54B}.Debug|Any CPU.Build.0 = Debug|Any CPU
		{C583215C-75FE-4FF4-AD77-A8102590A54B}.Debug|x64.ActiveCfg = Debug|Any CPU
		{C583215C-75FE-4FF4-AD77-A8102590A54B}.Debug|x64.Build.0 = Debug|Any CPU
		{C583215C-75FE-4FF4-AD77-A8102590A54B}.Debug|x86.ActiveCfg = Debug|Any CPU
		{C583215C-75FE-4FF4-AD77-A8102590A54B}.Debug|x86.Build.0 = Debug|Any CPU
		{C583215C-75FE-4FF4-AD77-A8102590A54B}.Release|Any CPU.ActiveCfg = Release|Any CPU
		{C583215C-75FE-4FF4-AD77-A8102590A54B}.Release|Any CPU.Build.0 = Release|Any CPU
		{C583215C-75FE-4FF4-AD77-A8102590A54B}.Release|x64.ActiveCfg = Release|Any CPU
		{C583215C-75FE-4FF4-AD77-A8102590A54B}.Release|x64.Build.0 = Release|Any CPU
		{C583215C-75FE-4FF4-AD77-A8102590A54B}.Release|x86.ActiveCfg = Release|Any CPU
		{C583215C-75FE-4FF4-AD77-A8102590A54B}.Release|x86.Build.0 = Release|Any CPU
		{DFB19692-D0CD-4863-8EEF-5960B74CFCFC}.Debug|Any CPU.ActiveCfg = Debug|Any CPU
		{DFB19692-D0CD-4863-8EEF-5960B74CFCFC}.Debug|Any CPU.Build.0 = Debug|Any CPU
		{DFB19692-D0CD-4863-8EEF-5960B74CFCFC}.Debug|x64.ActiveCfg = Debug|Any CPU
		{DFB19692-D0CD-4863-8EEF-5960B74CFCFC}.Debug|x64.Build.0 = Debug|Any CPU
		{DFB19692-D0CD-4863-8EEF-5960B74CFCFC}.Debug|x86.ActiveCfg = Debug|Any CPU
		{DFB19692-D0CD-4863-8EEF-5960B74CFCFC}.Debug|x86.Build.0 = Debug|Any CPU
		{DFB19692-D0CD-4863-8EEF-5960B74CFCFC}.Release|Any CPU.ActiveCfg = Release|Any CPU
		{DFB19692-D0CD-4863-8EEF-5960B74CFCFC}.Release|Any CPU.Build.0 = Release|Any CPU
		{DFB19692-D0CD-4863-8EEF-5960B74CFCFC}.Release|x64.ActiveCfg = Release|Any CPU
		{DFB19692-D0CD-4863-8EEF-5960B74CFCFC}.Release|x64.Build.0 = Release|Any CPU
		{DFB19692-D0CD-4863-8EEF-5960B74CFCFC}.Release|x86.ActiveCfg = Release|Any CPU
		{DFB19692-D0CD-4863-8EEF-5960B74CFCFC}.Release|x86.Build.0 = Release|Any CPU
		{3C28F608-8B99-487F-845A-B7F6008ECCDC}.Debug|Any CPU.ActiveCfg = Debug|Any CPU
		{3C28F608-8B99-487F-845A-B7F6008ECCDC}.Debug|Any CPU.Build.0 = Debug|Any CPU
		{3C28F608-8B99-487F-845A-B7F6008ECCDC}.Debug|x64.ActiveCfg = Debug|Any CPU
		{3C28F608-8B99-487F-845A-B7F6008ECCDC}.Debug|x64.Build.0 = Debug|Any CPU
		{3C28F608-8B99-487F-845A-B7F6008ECCDC}.Debug|x86.ActiveCfg = Debug|Any CPU
		{3C28F608-8B99-487F-845A-B7F6008ECCDC}.Debug|x86.Build.0 = Debug|Any CPU
		{3C28F608-8B99-487F-845A-B7F6008ECCDC}.Release|Any CPU.ActiveCfg = Release|Any CPU
		{3C28F608-8B99-487F-845A-B7F6008ECCDC}.Release|Any CPU.Build.0 = Release|Any CPU
		{3C28F608-8B99-487F-845A-B7F6008ECCDC}.Release|x64.ActiveCfg = Release|Any CPU
		{3C28F608-8B99-487F-845A-B7F6008ECCDC}.Release|x64.Build.0 = Release|Any CPU
		{3C28F608-8B99-487F-845A-B7F6008ECCDC}.Release|x86.ActiveCfg = Release|Any CPU
		{3C28F608-8B99-487F-845A-B7F6008ECCDC}.Release|x86.Build.0 = Release|Any CPU
		{0D87BF0F-3302-4F3F-BE41-AA1DFD86031E}.Debug|Any CPU.ActiveCfg = Debug|Any CPU
		{0D87BF0F-3302-4F3F-BE41-AA1DFD86031E}.Debug|Any CPU.Build.0 = Debug|Any CPU
		{0D87BF0F-3302-4F3F-BE41-AA1DFD86031E}.Debug|x64.ActiveCfg = Debug|Any CPU
		{0D87BF0F-3302-4F3F-BE41-AA1DFD86031E}.Debug|x64.Build.0 = Debug|Any CPU
		{0D87BF0F-3302-4F3F-BE41-AA1DFD86031E}.Debug|x86.ActiveCfg = Debug|Any CPU
		{0D87BF0F-3302-4F3F-BE41-AA1DFD86031E}.Debug|x86.Build.0 = Debug|Any CPU
		{0D87BF0F-3302-4F3F-BE41-AA1DFD86031E}.Release|Any CPU.ActiveCfg = Release|Any CPU
		{0D87BF0F-3302-4F3F-BE41-AA1DFD86031E}.Release|Any CPU.Build.0 = Release|Any CPU
		{0D87BF0F-3302-4F3F-BE41-AA1DFD86031E}.Release|x64.ActiveCfg = Release|Any CPU
		{0D87BF0F-3302-4F3F-BE41-AA1DFD86031E}.Release|x64.Build.0 = Release|Any CPU
		{0D87BF0F-3302-4F3F-BE41-AA1DFD86031E}.Release|x86.ActiveCfg = Release|Any CPU
		{0D87BF0F-3302-4F3F-BE41-AA1DFD86031E}.Release|x86.Build.0 = Release|Any CPU
	EndGlobalSection
EndGlobal
